// !$*UTF8*$!
{
	archiveVersion = 1;
	classes = {
	};
	objectVersion = 77;
	objects = {

/* Begin PBXBuildFile section */
		004567DC02F555228635569B /* AvidentifiseringSheet.swift in Sources */ = {isa = PBXBuildFile; fileRef = 3F9743F93056C08906B86DD5 /* AvidentifiseringSheet.swift */; };
		016B08B47F6082716F4FE157 /* RTFExporter.swift in Sources */ = {isa = PBXBuildFile; fileRef = 013A283DF2DD3D2E703D9CB3 /* RTFExporter.swift */; };
		058EC16989E792B0E4BB0BEA /* TeamsUploadSection.swift in Sources */ = {isa = PBXBuildFile; fileRef = 4ACF6CDE7330324D188AFDB1 /* TeamsUploadSection.swift */; };
		06F0AE2EA49C43C3A64449AA /* AvidentifiseringBekreftSection.swift in Sources */ = {isa = PBXBuildFile; fileRef = 423E0293D3B07AF455076894 /* AvidentifiseringBekreftSection.swift */; };
		06F95C989475654B8E23FDFC /* RecordingMeta.swift in Sources */ = {isa = PBXBuildFile; fileRef = D768BD447F094B7EEEF3703D /* RecordingMeta.swift */; };
		0A345FB6BCF443A098E80401 /* ViewHelpers.swift in Sources */ = {isa = PBXBuildFile; fileRef = 82449D3C48B04C91A8D69A62 /* ViewHelpers.swift */; };
		0C98E65F1306C3FA64458777 /* AvidentExceptionsView.swift in Sources */ = {isa = PBXBuildFile; fileRef = 0FC4F5E2A28A5F9F8C05CC60 /* AvidentExceptionsView.swift */; };
		0FD296B662B20927119CB0CC /* RecordingDetailView.swift in Sources */ = {isa = PBXBuildFile; fileRef = AC07BD410307FDE5D7752E72 /* RecordingDetailView.swift */; };
		11BC44C7B6D3E3CF51DA8628 /* FluidAudio in Frameworks */ = {isa = PBXBuildFile; productRef = 42FCB9B274EC3A52C96EF365 /* FluidAudio */; };
		18BD729984ED471381F4ADB5 /* WhisperKit in Frameworks */ = {isa = PBXBuildFile; productRef = C3692886A57046468653FC1C /* WhisperKit */; };
		B1C2D3E4F5063333A1B2C3D4 /* MSAL in Frameworks */ = {isa = PBXBuildFile; productRef = B1C2D3E4F5062222A1B2C3D4 /* MSAL */; };
		15398FA9751B16DEC921258B /* RecordingExpiryManager.swift in Sources */ = {isa = PBXBuildFile; fileRef = 46946E8D385F3AFCB3523042 /* RecordingExpiryManager.swift */; };
		155861C74CBFD44B56ACE200 /* TranscriptionRunner.swift in Sources */ = {isa = PBXBuildFile; fileRef = 36001FF6B081AA7EF4D8D5E2 /* TranscriptionRunner.swift */; };
		1772013B1BD6FC53BBE6E2FE /* TranscriptionSettingsView.swift in Sources */ = {isa = PBXBuildFile; fileRef = 17BFB04179F2CE3F797E19FA /* TranscriptionSettingsView.swift */; };
		FAA03A32A2A74A399C028426 /* NBBertNER.mlmodelc in Resources */ = {isa = PBXBuildFile; fileRef = B6F97FBE5D5D459CB2D1A25D /* NBBertNER.mlmodelc */; };
		489EB2575BE64D78957E2657 /* NBBertNER-tokenizer in Resources */ = {isa = PBXBuildFile; fileRef = F260A9A4E53345BB87FC82CE /* NBBertNER-tokenizer */; };
		0AC73FE06EB94396AE3915EC /* WhisperKitModels in Resources */ = {isa = PBXBuildFile; fileRef = 7C56456B53AF469585F2CF75 /* WhisperKitModels */; };
		EB6567939F06452895745A50 /* kartverket_steder.txt in Resources */ = {isa = PBXBuildFile; fileRef = A12E3FC502CE4A48A69A1A35 /* kartverket_steder.txt */; };
		2B196515E23B41E0AABB7C1F /* ambiguous_names.txt in Resources */ = {isa = PBXBuildFile; fileRef = D2B9719F830A43749A975590 /* ambiguous_names.txt */; };
		1BC619DAFC4AEA3D636B419D /* TranscriptionResult.swift in Sources */ = {isa = PBXBuildFile; fileRef = E1E04891E96C5F5E575D9178 /* TranscriptionResult.swift */; };
		20FA68DA01D9B5740852A653 /* DependencyManager.swift in Sources */ = {isa = PBXBuildFile; fileRef = 2E3B184AB414FBCEE5CB44BA /* DependencyManager.swift */; };
		241D48A3BA8B4DDE80979659 /* RecordScreen.swift in Sources */ = {isa = PBXBuildFile; fileRef = 4C48C2C69D3341F98A28BD4F /* RecordScreen.swift */; };
		28B97BA238D29468D2D1A3E1 /* AppState.swift in Sources */ = {isa = PBXBuildFile; fileRef = 0EC7F9C0FE219DAA75AC0FD9 /* AppState.swift */; };
		2C8D7F959CC55BDD64BBD625 /* GlassStyles.swift in Sources */ = {isa = PBXBuildFile; fileRef = 5B6C68C57A3C839C981A1AD6 /* GlassStyles.swift */; };
		2ECC760B85D38A79EBBBEE75 /* UploadGate.swift in Sources */ = {isa = PBXBuildFile; fileRef = 1372C3130700AA173FC44962 /* UploadGate.swift */; };
		30DA9D69077E9EA195E177E9 /* ComplianceChecklistSheet.swift in Sources */ = {isa = PBXBuildFile; fileRef = F1530437CF1FEEE629B38DA7 /* ComplianceChecklistSheet.swift */; };
		32BC3A4A7408255CD737F67C /* ssb_fornavn.txt in Resources */ = {isa = PBXBuildFile; fileRef = 283BC0325526BEA992ADAABB /* ssb_fornavn.txt */; };
		389A09DEE35085948F39D9ED /* SystemRequirementChecker.swift in Sources */ = {isa = PBXBuildFile; fileRef = 2F0AD2FAD7EAB666D8487EAB /* SystemRequirementChecker.swift */; };
		447157CF8D22B0D41C42ECDC /* AppFont.swift in Sources */ = {isa = PBXBuildFile; fileRef = 32541EEA8F75B332CCC2E366 /* AppFont.swift */; };
		4BAF9A7FA2264F40BF48DC38 /* LibraryScreen.swift in Sources */ = {isa = PBXBuildFile; fileRef = 62D4480B3F604F46A591EA5A /* LibraryScreen.swift */; };
		50E39BC7CC7A63F4FBBBC7BD /* RecordingStore.swift in Sources */ = {isa = PBXBuildFile; fileRef = 7E29A4B575739DC0D20AC08F /* RecordingStore.swift */; };
		5327B917920C9F08CF05309D /* TranscriptEditorState.swift in Sources */ = {isa = PBXBuildFile; fileRef = F0B6668F23D21197B2C8CACC /* TranscriptEditorState.swift */; };
		55C22DDDCE30FCD76E71070F /* SystemRequirement.swift in Sources */ = {isa = PBXBuildFile; fileRef = D938E21935718834F5E99700 /* SystemRequirement.swift */; };
		5785CAE4A17277F39970D590 /* UploadConfirmationSheet.swift in Sources */ = {isa = PBXBuildFile; fileRef = 8203F83CDAEF20C8AEA6E5ED /* UploadConfirmationSheet.swift */; };
		5966749827B677DE2B52979B /* ssb_etternavn.txt in Resources */ = {isa = PBXBuildFile; fileRef = 26CF5DC51FE22C14D9B0385B /* ssb_etternavn.txt */; };
		6426B2926066C6E9E9BC02AF /* WindowChrome.swift in Sources */ = {isa = PBXBuildFile; fileRef = 3EEF871688C33263B5B373A1 /* WindowChrome.swift */; };
		65F51659423C9E55705D1265 /* TranscriptPlaybackController.swift in Sources */ = {isa = PBXBuildFile; fileRef = 240ED3C214FA76EBE21534FB /* TranscriptPlaybackController.swift */; };
		6622EF9EA5E86C4DF08D49EB /* BibliotekView.swift in Sources */ = {isa = PBXBuildFile; fileRef = 46CD9F48562B1E4D9CAE8204 /* BibliotekView.swift */; };
		67E82B3E39C1BBDC1977F034 /* DesignShowcaseView.swift in Sources */ = {isa = PBXBuildFile; fileRef = 2D4A2E74385EFFDBEB2D6968 /* DesignShowcaseView.swift */; };
		683EDFCF1AA15B9AAD73F88E /* ProcessingState.swift in Sources */ = {isa = PBXBuildFile; fileRef = 47885F0D316AA37EB7EB6175 /* ProcessingState.swift */; };
		6AAC3CFAA3DD2CDA7C03EF9D /* Typography+Clio.swift in Sources */ = {isa = PBXBuildFile; fileRef = 5739B25E74D7443DD696E1E6 /* Typography+Clio.swift */; };
		6F49A16937F14727B33804F7 /* AboutView.swift in Sources */ = {isa = PBXBuildFile; fileRef = 49529CFB20AE46E692A423EF /* AboutView.swift */; };
		713A585B40502E8430283C53 /* StatusChipView.swift in Sources */ = {isa = PBXBuildFile; fileRef = F1E12AE07184DED8B61EB3D8 /* StatusChipView.swift */; };
		7290B3BC2CF642B115ECEA64 /* SplashView.swift in Sources */ = {isa = PBXBuildFile; fileRef = 4B143A0F5F273E0CE14BFFDA /* SplashView.swift */; };
		760BAF2F1ECA924DD1791C5F /* Assets.xcassets in Resources */ = {isa = PBXBuildFile; fileRef = 89E722BD634E4B0A4570CA82 /* Assets.xcassets */; };
		793EFA7BA1875B8025685B3F /* CheckResult.swift in Sources */ = {isa = PBXBuildFile; fileRef = E3A2B67087421F36783F71F2 /* CheckResult.swift */; };
		7F1E0E59E9EABCDCB2A42EC3 /* SpeakerAlignment.swift in Sources */ = {isa = PBXBuildFile; fileRef = 3CCF68B04B237C98F3509C43 /* SpeakerAlignment.swift */; };
		80E2D493917DE2F4ED036BC6 /* StorageLayout.swift in Sources */ = {isa = PBXBuildFile; fileRef = 3446604405B6754884CBEE54 /* StorageLayout.swift */; };
		8A08187DF0D956FADD0ADE35 /* README.md in Resources */ = {isa = PBXBuildFile; fileRef = C63560298DEC2D58FE5A1E9C /* README.md */; };
		91C1E436D90C1B19C0205B3F /* DesignTokens.swift in Sources */ = {isa = PBXBuildFile; fileRef = 2C7566B03272F645096D2C74 /* DesignTokens.swift */; };
		93422B4933C289275F063EE9 /* AudioLevelVisualization.swift in Sources */ = {isa = PBXBuildFile; fileRef = E056E09D9198F48C6D484127 /* AudioLevelVisualization.swift */; };
		93BB38BF5E431D9C5E512A66 /* TranscriptEditorWindow.swift in Sources */ = {isa = PBXBuildFile; fileRef = B3E4DB16C7F2DBCBAAD577EB /* TranscriptEditorWindow.swift */; };
		987374636261AACB80821CA6 /* AnonymizationService.swift in Sources */ = {isa = PBXBuildFile; fileRef = 80B42532D49A70085D58FF1E /* AnonymizationService.swift */; };
		DCE94912EF73423BB9FBC1DE /* AnonymizerModels.swift in Sources */ = {isa = PBXBuildFile; fileRef = B73B863E5AE8497CB653ECA1 /* AnonymizerModels.swift */; };
		8452FECBA6E24BC4A45F4819 /* TextPreprocessor.swift in Sources */ = {isa = PBXBuildFile; fileRef = A9C7CBFCE50948C989B70199 /* TextPreprocessor.swift */; };
		FBB272B8ECD64AB490B2252D /* TextContext.swift in Sources */ = {isa = PBXBuildFile; fileRef = 98768996CFC84699B44AA330 /* TextContext.swift */; };
		3F3414CCA76E48FC9591A09F /* RegexPatternDetector.swift in Sources */ = {isa = PBXBuildFile; fileRef = F55B97FF900947CC8243ED6F /* RegexPatternDetector.swift */; };
		CAF62E697469440C87DF128E /* SSBNamesDetector.swift in Sources */ = {isa = PBXBuildFile; fileRef = 295AB7FD0E104C15AC648A75 /* SSBNamesDetector.swift */; };
		EF2F3F312F0E493A87A177B4 /* StederDetector.swift in Sources */ = {isa = PBXBuildFile; fileRef = A5B5D4A8745B4B1AA1F19AC7 /* StederDetector.swift */; };
		00AFA3830A694C5F910594CD /* AddressLookupService.swift in Sources */ = {isa = PBXBuildFile; fileRef = 8DFB4211DFD94CD19955767D /* AddressLookupService.swift */; };
		919EF5EF740E4EF983E26F89 /* AmbiguityFilter.swift in Sources */ = {isa = PBXBuildFile; fileRef = 88963D8BA97B4A50BFCAFC7A /* AmbiguityFilter.swift */; };
		D51F2770578F4BF988D8F80E /* BertWordPieceTokenizer.swift in Sources */ = {isa = PBXBuildFile; fileRef = 16736D769CF243A7BD5F9264 /* BertWordPieceTokenizer.swift */; };
		0685B594D41F4C4F8680CAE5 /* BertNERDetector.swift in Sources */ = {isa = PBXBuildFile; fileRef = C8ABFC1CD4D44B11A7C47A87 /* BertNERDetector.swift */; };
		9F15DB187CDD49C6A3B965D7 /* NativeAnonymizer.swift in Sources */ = {isa = PBXBuildFile; fileRef = 7731BBDE69C0425A862A85C9 /* NativeAnonymizer.swift */; };
		C725191F67324FD996B5DE42 /* NativeTranscriptionEngine.swift in Sources */ = {isa = PBXBuildFile; fileRef = D39B51F379804114B6FE196C /* NativeTranscriptionEngine.swift */; };
		A132A46B3FE88ABDBF95651D /* PillButton.swift in Sources */ = {isa = PBXBuildFile; fileRef = 16F068C655F17F8707229EB9 /* PillButton.swift */; };
		A18DA67CEA7327CF92CA5622 /* EntraConfig.swift in Sources */ = {isa = PBXBuildFile; fileRef = DCB6FAF7BB16FCB1AC66274B /* EntraConfig.swift */; };
		6D5725CECF2B4AE4B77DC192 /* GraphAuthService.swift in Sources */ = {isa = PBXBuildFile; fileRef = 6B3ECA14EFD8484A8AA7560C /* GraphAuthService.swift */; };
		F025B6E80A9A4CB5ABDFCB29 /* GraphClient.swift in Sources */ = {isa = PBXBuildFile; fileRef = 9774A4E1ABFB456BA0FAF040 /* GraphClient.swift */; };
		B0667C21E6E94B2BBB5A8046 /* TeamsSettingsView.swift in Sources */ = {isa = PBXBuildFile; fileRef = 49209C3AD2B6443FB9D10239 /* TeamsSettingsView.swift */; };
		A1B2C3D4E5F60718293A4B5C /* AppCopy.swift in Sources */ = {isa = PBXBuildFile; fileRef = B1C2D3E4F5061728394A5B6C /* AppCopy.swift */; };
		AA001122334455667788BF01 /* MobileTransferScreen.swift in Sources */ = {isa = PBXBuildFile; fileRef = AA001122334455667788BB01 /* MobileTransferScreen.swift */; };
		AA001122334455667788BF11 /* BonjourConfirmationServer.swift in Sources */ = {isa = PBXBuildFile; fileRef = AA001122334455667788MT01 /* BonjourConfirmationServer.swift */; };
		AA001122334455667788BF13 /* MobileTransferBrowser.swift in Sources */ = {isa = PBXBuildFile; fileRef = AA001122334455667788MT03 /* MobileTransferBrowser.swift */; };
		AA001122334455667788BF14 /* MobileTransferClient.swift in Sources */ = {isa = PBXBuildFile; fileRef = AA001122334455667788MT04 /* MobileTransferClient.swift */; };
		AA001122334455667788BF15 /* MobileTransferImporter.swift in Sources */ = {isa = PBXBuildFile; fileRef = AA001122334455667788MT05 /* MobileTransferImporter.swift */; };
		AA001122334455667788BF16 /* AirDropImportWatcher.swift in Sources */ = {isa = PBXBuildFile; fileRef = AA001122334455667788MT06 /* AirDropImportWatcher.swift */; };
		AA001122334455667788BF17 /* NearbyTransferAdvertiser.swift in Sources */ = {isa = PBXBuildFile; fileRef = AA001122334455667788MT07 /* NearbyTransferAdvertiser.swift */; };
		AA001122334455667788FW01 /* MultipeerConnectivity.framework in Frameworks */ = {isa = PBXBuildFile; fileRef = AA001122334455667788FW02 /* MultipeerConnectivity.framework */; };
		AA001122334455CM01 /* ClioMeta.swift in Sources */ = {isa = PBXBuildFile; fileRef = AA001122334455CM02 /* ClioMeta.swift */; };
		AA001122334455RD01 /* RodeDeviceMonitor.swift in Sources */ = {isa = PBXBuildFile; fileRef = AA001122334455RD02 /* RodeDeviceMonitor.swift */; };
		AA001122334455RS01 /* RodeSoundCheckService.swift in Sources */ = {isa = PBXBuildFile; fileRef = AA001122334455RS02 /* RodeSoundCheckService.swift */; };
		AA001122334455RV01 /* RodeSoundCheckView.swift in Sources */ = {isa = PBXBuildFile; fileRef = AA001122334455RV02 /* RodeSoundCheckView.swift */; };
		AA001122334455SS01 /* StereoSplitter.swift in Sources */ = {isa = PBXBuildFile; fileRef = AA001122334455SS02 /* StereoSplitter.swift */; };
		AA001122334455WC01 /* AudioWAVConverter.swift in Sources */ = {isa = PBXBuildFile; fileRef = AA001122334455WC02 /* AudioWAVConverter.swift */; };
		AFF20FBBED65035A49A65FA5 /* TranscriptEditorView.swift in Sources */ = {isa = PBXBuildFile; fileRef = 98BFF0819DE6E76206F0903E /* TranscriptEditorView.swift */; };
		B68312AE2CD9340004EE100F /* main.swift in Sources */ = {isa = PBXBuildFile; fileRef = 54E0CED9013697E6080B4188 /* main.swift */; };
		B84359AE2D4EC06B348FCE77 /* AuditLogger.swift in Sources */ = {isa = PBXBuildFile; fileRef = 35FA9D9D30BAB6A9CC6211C8 /* AuditLogger.swift */; };
		B94C8B054AF3D29E3631426E /* RecordingItem.swift in Sources */ = {isa = PBXBuildFile; fileRef = 0225402D1F5D84DB36B1ABAB /* RecordingItem.swift */; };
		BAA0A72D0DA18702BC074BFF /* TeamsUploadService.swift in Sources */ = {isa = PBXBuildFile; fileRef = 2E0395AA5BDFD9E40B012101 /* TeamsUploadService.swift */; };
		BD37FDC476964258943BD4FD /* TranscriptionService.swift in Sources */ = {isa = PBXBuildFile; fileRef = A7D9DC657F2709B54C9B527F /* TranscriptionService.swift */; };
		BF39F5C2BF8B1891B0E33276 /* AudioRecorder.swift in Sources */ = {isa = PBXBuildFile; fileRef = 1BAFF8EAEA679569111CBD46 /* AudioRecorder.swift */; };
		C3628B8658F1A561F1E5D5CA /* SplashWindowController.swift in Sources */ = {isa = PBXBuildFile; fileRef = 295DAF8A4A6CE458A450CCD6 /* SplashWindowController.swift */; };
		C4EC9CDD91ECF5109DFF7033 /* TeamsChannelRef.swift in Sources */ = {isa = PBXBuildFile; fileRef = 8141AAF46C3D20560192B795 /* TeamsChannelRef.swift */; };
		C9C3D6EC4E0B003C42153CD8 /* DefaultAvidentExceptions.swift in Sources */ = {isa = PBXBuildFile; fileRef = BEDC6AD3601EADA5387EAEC1 /* DefaultAvidentExceptions.swift */; };
		CD895129BFB9120C70438337 /* AudioPlayer.swift in Sources */ = {isa = PBXBuildFile; fileRef = 4C4A1FCFD71EDCBFBB130D76 /* AudioPlayer.swift */; };
		D01C7822378787BC215D047E /* FluidDiarizationService.swift in Sources */ = {isa = PBXBuildFile; fileRef = 6A37C20B0212318DB8A52FF4 /* FluidDiarizationService.swift */; };
		D34F3B512D9324C5FF983E63 /* AuditLogViewer.swift in Sources */ = {isa = PBXBuildFile; fileRef = 877BD6E28D486BCD0D68A29C /* AuditLogViewer.swift */; };
		D5C9F0C071A8EF0B84AF7194 /* StartupCoordinator.swift in Sources */ = {isa = PBXBuildFile; fileRef = EFCD87B06F113EFD53A5D5BC /* StartupCoordinator.swift */; };
		DBB9D5F015C91E23DDEC09F0 /* RecordingsManager.swift in Sources */ = {isa = PBXBuildFile; fileRef = E9EE8D5882CD2DBB99E27BB8 /* RecordingsManager.swift */; };
		DE0A67ED5333CC83CAE2BC0E /* ExpiryWarningBanner.swift in Sources */ = {isa = PBXBuildFile; fileRef = 6BF44AF54A467E9445ED16B3 /* ExpiryWarningBanner.swift */; };
		DF78AA900A7FD93E2756A3D7 /* Color+Clio.swift in Sources */ = {isa = PBXBuildFile; fileRef = 4779E4D8745EEAEF091A041F /* Color+Clio.swift */; };
		DFE7330EBE548A47E70C6DF0 /* TranscriptionModel.swift in Sources */ = {isa = PBXBuildFile; fileRef = 7C154C760474D9F33E4983FD /* TranscriptionModel.swift */; };
		E354FC341495DD3C5B125FF3 /* NameDetector.swift in Sources */ = {isa = PBXBuildFile; fileRef = 9D82CA89E0B0496F8DF1AF64 /* NameDetector.swift */; };
		E5D57A02EBA89FD0FAF25996 /* AnonymizationModal.swift in Sources */ = {isa = PBXBuildFile; fileRef = 3879A692A181A0FB1706694B /* AnonymizationModal.swift */; };
		EE3A96A9E80EE75FBF022546 /* TranscriptsView.swift in Sources */ = {isa = PBXBuildFile; fileRef = F9743DAF0BE9C1CF51E55BA7 /* TranscriptsView.swift */; };
		F1F3AE0C6954429DAAAA61D1 /* NavPanel.swift in Sources */ = {isa = PBXBuildFile; fileRef = 109D616E44154D5B9A737794 /* NavPanel.swift */; };
		F609B88F661C44388819B99C /* MainView.swift in Sources */ = {isa = PBXBuildFile; fileRef = A1DFBD96E67848828C8165D3 /* MainView.swift */; };
		F82E835A4C1C3C0D60C80E9F /* RecordingStatusBundle.swift in Sources */ = {isa = PBXBuildFile; fileRef = AC8DF171A94AC9D0659BA3C1 /* RecordingStatusBundle.swift */; };
		FEB57F434BC5E5553B980A96 /* HoverCursor.swift in Sources */ = {isa = PBXBuildFile; fileRef = 50D32B547D2E47C24464D15D /* HoverCursor.swift */; };
/* End PBXBuildFile section */

/* Begin PBXFileReference section */
		013A283DF2DD3D2E703D9CB3 /* RTFExporter.swift */ = {isa = PBXFileReference; lastKnownFileType = sourcecode.swift; path = RTFExporter.swift; sourceTree = "<group>"; };
		0225402D1F5D84DB36B1ABAB /* RecordingItem.swift */ = {isa = PBXFileReference; lastKnownFileType = sourcecode.swift; path = RecordingItem.swift; sourceTree = "<group>"; };
		0EC7F9C0FE219DAA75AC0FD9 /* AppState.swift */ = {isa = PBXFileReference; lastKnownFileType = sourcecode.swift; path = AppState.swift; sourceTree = "<group>"; };
		0FC4F5E2A28A5F9F8C05CC60 /* AvidentExceptionsView.swift */ = {isa = PBXFileReference; lastKnownFileType = sourcecode.swift; path = AvidentExceptionsView.swift; sourceTree = "<group>"; };
		109D616E44154D5B9A737794 /* NavPanel.swift */ = {isa = PBXFileReference; lastKnownFileType = sourcecode.swift; path = NavPanel.swift; sourceTree = "<group>"; };
		1372C3130700AA173FC44962 /* UploadGate.swift */ = {isa = PBXFileReference; lastKnownFileType = sourcecode.swift; path = UploadGate.swift; sourceTree = "<group>"; };
		16F068C655F17F8707229EB9 /* PillButton.swift */ = {isa = PBXFileReference; lastKnownFileType = sourcecode.swift; path = PillButton.swift; sourceTree = "<group>"; };
		17BFB04179F2CE3F797E19FA /* TranscriptionSettingsView.swift */ = {isa = PBXFileReference; lastKnownFileType = sourcecode.swift; path = TranscriptionSettingsView.swift; sourceTree = "<group>"; };
		1BAFF8EAEA679569111CBD46 /* AudioRecorder.swift */ = {isa = PBXFileReference; lastKnownFileType = sourcecode.swift; path = AudioRecorder.swift; sourceTree = "<group>"; };
		240ED3C214FA76EBE21534FB /* TranscriptPlaybackController.swift */ = {isa = PBXFileReference; lastKnownFileType = sourcecode.swift; path = TranscriptPlaybackController.swift; sourceTree = "<group>"; };
		26CF5DC51FE22C14D9B0385B /* ssb_etternavn.txt */ = {isa = PBXFileReference; lastKnownFileType = text; path = ssb_etternavn.txt; sourceTree = "<group>"; };
		283BC0325526BEA992ADAABB /* ssb_fornavn.txt */ = {isa = PBXFileReference; lastKnownFileType = text; path = ssb_fornavn.txt; sourceTree = "<group>"; };
		295DAF8A4A6CE458A450CCD6 /* SplashWindowController.swift */ = {isa = PBXFileReference; lastKnownFileType = sourcecode.swift; path = SplashWindowController.swift; sourceTree = "<group>"; };
		2C7566B03272F645096D2C74 /* DesignTokens.swift */ = {isa = PBXFileReference; lastKnownFileType = sourcecode.swift; path = DesignTokens.swift; sourceTree = "<group>"; };
		2D4A2E74385EFFDBEB2D6968 /* DesignShowcaseView.swift */ = {isa = PBXFileReference; lastKnownFileType = sourcecode.swift; path = DesignShowcaseView.swift; sourceTree = "<group>"; };
		2E0395AA5BDFD9E40B012101 /* TeamsUploadService.swift */ = {isa = PBXFileReference; lastKnownFileType = sourcecode.swift; path = TeamsUploadService.swift; sourceTree = "<group>"; };
		2E3B184AB414FBCEE5CB44BA /* DependencyManager.swift */ = {isa = PBXFileReference; lastKnownFileType = sourcecode.swift; path = DependencyManager.swift; sourceTree = "<group>"; };
		2F0AD2FAD7EAB666D8487EAB /* SystemRequirementChecker.swift */ = {isa = PBXFileReference; lastKnownFileType = sourcecode.swift; path = SystemRequirementChecker.swift; sourceTree = "<group>"; };
		32541EEA8F75B332CCC2E366 /* AppFont.swift */ = {isa = PBXFileReference; lastKnownFileType = sourcecode.swift; path = AppFont.swift; sourceTree = "<group>"; };
		3446604405B6754884CBEE54 /* StorageLayout.swift */ = {isa = PBXFileReference; lastKnownFileType = sourcecode.swift; path = StorageLayout.swift; sourceTree = "<group>"; };
		35FA9D9D30BAB6A9CC6211C8 /* AuditLogger.swift */ = {isa = PBXFileReference; lastKnownFileType = sourcecode.swift; path = AuditLogger.swift; sourceTree = "<group>"; };
		36001FF6B081AA7EF4D8D5E2 /* TranscriptionRunner.swift */ = {isa = PBXFileReference; lastKnownFileType = sourcecode.swift; path = TranscriptionRunner.swift; sourceTree = "<group>"; };
		3879A692A181A0FB1706694B /* AnonymizationModal.swift */ = {isa = PBXFileReference; lastKnownFileType = sourcecode.swift; path = AnonymizationModal.swift; sourceTree = "<group>"; };
		3CCF68B04B237C98F3509C43 /* SpeakerAlignment.swift */ = {isa = PBXFileReference; lastKnownFileType = sourcecode.swift; path = SpeakerAlignment.swift; sourceTree = "<group>"; };
		3EEF871688C33263B5B373A1 /* WindowChrome.swift */ = {isa = PBXFileReference; lastKnownFileType = sourcecode.swift; path = WindowChrome.swift; sourceTree = "<group>"; };
		3F9743F93056C08906B86DD5 /* AvidentifiseringSheet.swift */ = {isa = PBXFileReference; lastKnownFileType = sourcecode.swift; path = AvidentifiseringSheet.swift; sourceTree = "<group>"; };
		423E0293D3B07AF455076894 /* AvidentifiseringBekreftSection.swift */ = {isa = PBXFileReference; lastKnownFileType = sourcecode.swift; path = AvidentifiseringBekreftSection.swift; sourceTree = "<group>"; };
		46946E8D385F3AFCB3523042 /* RecordingExpiryManager.swift */ = {isa = PBXFileReference; lastKnownFileType = sourcecode.swift; path = RecordingExpiryManager.swift; sourceTree = "<group>"; };
		46CD9F48562B1E4D9CAE8204 /* BibliotekView.swift */ = {isa = PBXFileReference; lastKnownFileType = sourcecode.swift; path = BibliotekView.swift; sourceTree = "<group>"; };
		4779E4D8745EEAEF091A041F /* Color+Clio.swift */ = {isa = PBXFileReference; lastKnownFileType = sourcecode.swift; path = "Color+Clio.swift"; sourceTree = "<group>"; };
		47885F0D316AA37EB7EB6175 /* ProcessingState.swift */ = {isa = PBXFileReference; lastKnownFileType = sourcecode.swift; path = ProcessingState.swift; sourceTree = "<group>"; };
		49529CFB20AE46E692A423EF /* AboutView.swift */ = {isa = PBXFileReference; lastKnownFileType = sourcecode.swift; path = AboutView.swift; sourceTree = "<group>"; };
		4ACF6CDE7330324D188AFDB1 /* TeamsUploadSection.swift */ = {isa = PBXFileReference; lastKnownFileType = sourcecode.swift; path = TeamsUploadSection.swift; sourceTree = "<group>"; };
		4B143A0F5F273E0CE14BFFDA /* SplashView.swift */ = {isa = PBXFileReference; lastKnownFileType = sourcecode.swift; path = SplashView.swift; sourceTree = "<group>"; };
		4C48C2C69D3341F98A28BD4F /* RecordScreen.swift */ = {isa = PBXFileReference; lastKnownFileType = sourcecode.swift; path = RecordScreen.swift; sourceTree = "<group>"; };
		4C4A1FCFD71EDCBFBB130D76 /* AudioPlayer.swift */ = {isa = PBXFileReference; lastKnownFileType = sourcecode.swift; path = AudioPlayer.swift; sourceTree = "<group>"; };
		50D32B547D2E47C24464D15D /* HoverCursor.swift */ = {isa = PBXFileReference; lastKnownFileType = sourcecode.swift; path = HoverCursor.swift; sourceTree = "<group>"; };
		54E0CED9013697E6080B4188 /* main.swift */ = {isa = PBXFileReference; lastKnownFileType = sourcecode.swift; path = main.swift; sourceTree = "<group>"; };
		5739B25E74D7443DD696E1E6 /* Typography+Clio.swift */ = {isa = PBXFileReference; lastKnownFileType = sourcecode.swift; path = "Typography+Clio.swift"; sourceTree = "<group>"; };
		5B6C68C57A3C839C981A1AD6 /* GlassStyles.swift */ = {isa = PBXFileReference; lastKnownFileType = sourcecode.swift; path = GlassStyles.swift; sourceTree = "<group>"; };
		62D4480B3F604F46A591EA5A /* LibraryScreen.swift */ = {isa = PBXFileReference; lastKnownFileType = sourcecode.swift; path = LibraryScreen.swift; sourceTree = "<group>"; };
		6A37C20B0212318DB8A52FF4 /* FluidDiarizationService.swift */ = {isa = PBXFileReference; lastKnownFileType = sourcecode.swift; path = FluidDiarizationService.swift; sourceTree = "<group>"; };
		6BF44AF54A467E9445ED16B3 /* ExpiryWarningBanner.swift */ = {isa = PBXFileReference; lastKnownFileType = sourcecode.swift; path = ExpiryWarningBanner.swift; sourceTree = "<group>"; };
		7C154C760474D9F33E4983FD /* TranscriptionModel.swift */ = {isa = PBXFileReference; lastKnownFileType = sourcecode.swift; path = TranscriptionModel.swift; sourceTree = "<group>"; };
		7E29A4B575739DC0D20AC08F /* RecordingStore.swift */ = {isa = PBXFileReference; lastKnownFileType = sourcecode.swift; path = RecordingStore.swift; sourceTree = "<group>"; };
		80B42532D49A70085D58FF1E /* AnonymizationService.swift */ = {isa = PBXFileReference; lastKnownFileType = sourcecode.swift; path = AnonymizationService.swift; sourceTree = "<group>"; };
		B73B863E5AE8497CB653ECA1 /* AnonymizerModels.swift */ = {isa = PBXFileReference; lastKnownFileType = sourcecode.swift; path = AnonymizerModels.swift; sourceTree = "<group>"; };
		A9C7CBFCE50948C989B70199 /* TextPreprocessor.swift */ = {isa = PBXFileReference; lastKnownFileType = sourcecode.swift; path = TextPreprocessor.swift; sourceTree = "<group>"; };
		98768996CFC84699B44AA330 /* TextContext.swift */ = {isa = PBXFileReference; lastKnownFileType = sourcecode.swift; path = TextContext.swift; sourceTree = "<group>"; };
		F55B97FF900947CC8243ED6F /* RegexPatternDetector.swift */ = {isa = PBXFileReference; lastKnownFileType = sourcecode.swift; path = RegexPatternDetector.swift; sourceTree = "<group>"; };
		295AB7FD0E104C15AC648A75 /* SSBNamesDetector.swift */ = {isa = PBXFileReference; lastKnownFileType = sourcecode.swift; path = SSBNamesDetector.swift; sourceTree = "<group>"; };
		A5B5D4A8745B4B1AA1F19AC7 /* StederDetector.swift */ = {isa = PBXFileReference; lastKnownFileType = sourcecode.swift; path = StederDetector.swift; sourceTree = "<group>"; };
		8DFB4211DFD94CD19955767D /* AddressLookupService.swift */ = {isa = PBXFileReference; lastKnownFileType = sourcecode.swift; path = AddressLookupService.swift; sourceTree = "<group>"; };
		88963D8BA97B4A50BFCAFC7A /* AmbiguityFilter.swift */ = {isa = PBXFileReference; lastKnownFileType = sourcecode.swift; path = AmbiguityFilter.swift; sourceTree = "<group>"; };
		16736D769CF243A7BD5F9264 /* BertWordPieceTokenizer.swift */ = {isa = PBXFileReference; lastKnownFileType = sourcecode.swift; path = BertWordPieceTokenizer.swift; sourceTree = "<group>"; };
		C8ABFC1CD4D44B11A7C47A87 /* BertNERDetector.swift */ = {isa = PBXFileReference; lastKnownFileType = sourcecode.swift; path = BertNERDetector.swift; sourceTree = "<group>"; };
		7731BBDE69C0425A862A85C9 /* NativeAnonymizer.swift */ = {isa = PBXFileReference; lastKnownFileType = sourcecode.swift; path = NativeAnonymizer.swift; sourceTree = "<group>"; };
		D39B51F379804114B6FE196C /* NativeTranscriptionEngine.swift */ = {isa = PBXFileReference; lastKnownFileType = sourcecode.swift; path = NativeTranscriptionEngine.swift; sourceTree = "<group>"; };
		8141AAF46C3D20560192B795 /* TeamsChannelRef.swift */ = {isa = PBXFileReference; lastKnownFileType = sourcecode.swift; path = TeamsChannelRef.swift; sourceTree = "<group>"; };
		8203F83CDAEF20C8AEA6E5ED /* UploadConfirmationSheet.swift */ = {isa = PBXFileReference; lastKnownFileType = sourcecode.swift; path = UploadConfirmationSheet.swift; sourceTree = "<group>"; };
		82449D3C48B04C91A8D69A62 /* ViewHelpers.swift */ = {isa = PBXFileReference; lastKnownFileType = sourcecode.swift; path = ViewHelpers.swift; sourceTree = "<group>"; };
		877BD6E28D486BCD0D68A29C /* AuditLogViewer.swift */ = {isa = PBXFileReference; lastKnownFileType = sourcecode.swift; path = AuditLogViewer.swift; sourceTree = "<group>"; };
		89E722BD634E4B0A4570CA82 /* Assets.xcassets */ = {isa = PBXFileReference; lastKnownFileType = folder.assetcatalog; path = Assets.xcassets; sourceTree = "<group>"; };
		98BFF0819DE6E76206F0903E /* TranscriptEditorView.swift */ = {isa = PBXFileReference; lastKnownFileType = sourcecode.swift; path = TranscriptEditorView.swift; sourceTree = "<group>"; };
		9D82CA89E0B0496F8DF1AF64 /* NameDetector.swift */ = {isa = PBXFileReference; lastKnownFileType = sourcecode.swift; path = NameDetector.swift; sourceTree = "<group>"; };
		A1DFBD96E67848828C8165D3 /* MainView.swift */ = {isa = PBXFileReference; lastKnownFileType = sourcecode.swift; path = MainView.swift; sourceTree = "<group>"; };
		A7D9DC657F2709B54C9B527F /* TranscriptionService.swift */ = {isa = PBXFileReference; lastKnownFileType = sourcecode.swift; path = TranscriptionService.swift; sourceTree = "<group>"; };
		AA001122334455667788BB01 /* MobileTransferScreen.swift */ = {isa = PBXFileReference; lastKnownFileType = sourcecode.swift; path = MobileTransferScreen.swift; sourceTree = "<group>"; };
		AA001122334455667788FW02 /* MultipeerConnectivity.framework */ = {isa = PBXFileReference; lastKnownFileType = wrapper.framework; name = MultipeerConnectivity.framework; path = System/Library/Frameworks/MultipeerConnectivity.framework; sourceTree = SDKROOT; };
		AA001122334455667788MT01 /* BonjourConfirmationServer.swift */ = {isa = PBXFileReference; lastKnownFileType = sourcecode.swift; path = BonjourConfirmationServer.swift; sourceTree = "<group>"; };
		AA001122334455667788MT03 /* MobileTransferBrowser.swift */ = {isa = PBXFileReference; lastKnownFileType = sourcecode.swift; path = MobileTransferBrowser.swift; sourceTree = "<group>"; };
		AA001122334455667788MT04 /* MobileTransferClient.swift */ = {isa = PBXFileReference; lastKnownFileType = sourcecode.swift; path = MobileTransferClient.swift; sourceTree = "<group>"; };
		AA001122334455667788MT05 /* MobileTransferImporter.swift */ = {isa = PBXFileReference; lastKnownFileType = sourcecode.swift; path = MobileTransferImporter.swift; sourceTree = "<group>"; };
		AA001122334455667788MT06 /* AirDropImportWatcher.swift */ = {isa = PBXFileReference; lastKnownFileType = sourcecode.swift; path = AirDropImportWatcher.swift; sourceTree = "<group>"; };
		AA001122334455667788MT07 /* NearbyTransferAdvertiser.swift */ = {isa = PBXFileReference; lastKnownFileType = sourcecode.swift; path = NearbyTransferAdvertiser.swift; sourceTree = "<group>"; };
		AA001122334455CM02 /* ClioMeta.swift */ = {isa = PBXFileReference; lastKnownFileType = sourcecode.swift; path = ClioMeta.swift; sourceTree = "<group>"; };
		AA001122334455RD02 /* RodeDeviceMonitor.swift */ = {isa = PBXFileReference; lastKnownFileType = sourcecode.swift; path = RodeDeviceMonitor.swift; sourceTree = "<group>"; };
		AA001122334455RS02 /* RodeSoundCheckService.swift */ = {isa = PBXFileReference; lastKnownFileType = sourcecode.swift; path = RodeSoundCheckService.swift; sourceTree = "<group>"; };
		AA001122334455RV02 /* RodeSoundCheckView.swift */ = {isa = PBXFileReference; lastKnownFileType = sourcecode.swift; path = RodeSoundCheckView.swift; sourceTree = "<group>"; };
		AA001122334455SS02 /* StereoSplitter.swift */ = {isa = PBXFileReference; lastKnownFileType = sourcecode.swift; path = StereoSplitter.swift; sourceTree = "<group>"; };
		AA001122334455WC02 /* AudioWAVConverter.swift */ = {isa = PBXFileReference; lastKnownFileType = sourcecode.swift; path = AudioWAVConverter.swift; sourceTree = "<group>"; };
		AC07BD410307FDE5D7752E72 /* RecordingDetailView.swift */ = {isa = PBXFileReference; lastKnownFileType = sourcecode.swift; path = RecordingDetailView.swift; sourceTree = "<group>"; };
		AC8DF171A94AC9D0659BA3C1 /* RecordingStatusBundle.swift */ = {isa = PBXFileReference; lastKnownFileType = sourcecode.swift; path = RecordingStatusBundle.swift; sourceTree = "<group>"; };
		B1C2D3E4F5061728394A5B6C /* AppCopy.swift */ = {isa = PBXFileReference; lastKnownFileType = sourcecode.swift; path = AppCopy.swift; sourceTree = "<group>"; };
		B3E4DB16C7F2DBCBAAD577EB /* TranscriptEditorWindow.swift */ = {isa = PBXFileReference; lastKnownFileType = sourcecode.swift; path = TranscriptEditorWindow.swift; sourceTree = "<group>"; };
		B6F97FBE5D5D459CB2D1A25D /* NBBertNER.mlmodelc */ = {isa = PBXFileReference; lastKnownFileType = folder; path = "NBBertNER.mlmodelc"; sourceTree = "<group>"; };
		F260A9A4E53345BB87FC82CE /* NBBertNER-tokenizer */ = {isa = PBXFileReference; lastKnownFileType = folder; path = "NBBertNER-tokenizer"; sourceTree = "<group>"; };
		7C56456B53AF469585F2CF75 /* WhisperKitModels */ = {isa = PBXFileReference; lastKnownFileType = folder; path = "WhisperKitModels"; sourceTree = "<group>"; };
		A12E3FC502CE4A48A69A1A35 /* kartverket_steder.txt */ = {isa = PBXFileReference; lastKnownFileType = text; path = kartverket_steder.txt; sourceTree = "<group>"; };
		D2B9719F830A43749A975590 /* ambiguous_names.txt */ = {isa = PBXFileReference; lastKnownFileType = text; path = ambiguous_names.txt; sourceTree = "<group>"; };
		BEDC6AD3601EADA5387EAEC1 /* DefaultAvidentExceptions.swift */ = {isa = PBXFileReference; lastKnownFileType = sourcecode.swift; path = DefaultAvidentExceptions.swift; sourceTree = "<group>"; };
		C63560298DEC2D58FE5A1E9C /* README.md */ = {isa = PBXFileReference; lastKnownFileType = net.daringfireball.markdown; path = README.md; sourceTree = "<group>"; };
		D768BD447F094B7EEEF3703D /* RecordingMeta.swift */ = {isa = PBXFileReference; lastKnownFileType = sourcecode.swift; path = RecordingMeta.swift; sourceTree = "<group>"; };
		D938E21935718834F5E99700 /* SystemRequirement.swift */ = {isa = PBXFileReference; lastKnownFileType = sourcecode.swift; path = SystemRequirement.swift; sourceTree = "<group>"; };
		DCB6FAF7BB16FCB1AC66274B /* EntraConfig.swift */ = {isa = PBXFileReference; lastKnownFileType = sourcecode.swift; path = EntraConfig.swift; sourceTree = "<group>"; };
		6B3ECA14EFD8484A8AA7560C /* GraphAuthService.swift */ = {isa = PBXFileReference; lastKnownFileType = sourcecode.swift; path = GraphAuthService.swift; sourceTree = "<group>"; };
		9774A4E1ABFB456BA0FAF040 /* GraphClient.swift */ = {isa = PBXFileReference; lastKnownFileType = sourcecode.swift; path = GraphClient.swift; sourceTree = "<group>"; };
		49209C3AD2B6443FB9D10239 /* TeamsSettingsView.swift */ = {isa = PBXFileReference; lastKnownFileType = sourcecode.swift; path = TeamsSettingsView.swift; sourceTree = "<group>"; };
		E056E09D9198F48C6D484127 /* AudioLevelVisualization.swift */ = {isa = PBXFileReference; lastKnownFileType = sourcecode.swift; path = AudioLevelVisualization.swift; sourceTree = "<group>"; };
		E1E04891E96C5F5E575D9178 /* TranscriptionResult.swift */ = {isa = PBXFileReference; lastKnownFileType = sourcecode.swift; path = TranscriptionResult.swift; sourceTree = "<group>"; };
		E3A2B67087421F36783F71F2 /* CheckResult.swift */ = {isa = PBXFileReference; lastKnownFileType = sourcecode.swift; path = CheckResult.swift; sourceTree = "<group>"; };
		E9EE8D5882CD2DBB99E27BB8 /* RecordingsManager.swift */ = {isa = PBXFileReference; lastKnownFileType = sourcecode.swift; path = RecordingsManager.swift; sourceTree = "<group>"; };
		EFCD87B06F113EFD53A5D5BC /* StartupCoordinator.swift */ = {isa = PBXFileReference; lastKnownFileType = sourcecode.swift; path = StartupCoordinator.swift; sourceTree = "<group>"; };
		F0B6668F23D21197B2C8CACC /* TranscriptEditorState.swift */ = {isa = PBXFileReference; lastKnownFileType = sourcecode.swift; path = TranscriptEditorState.swift; sourceTree = "<group>"; };
		F1530437CF1FEEE629B38DA7 /* ComplianceChecklistSheet.swift */ = {isa = PBXFileReference; lastKnownFileType = sourcecode.swift; path = ComplianceChecklistSheet.swift; sourceTree = "<group>"; };
		F1E12AE07184DED8B61EB3D8 /* StatusChipView.swift */ = {isa = PBXFileReference; lastKnownFileType = sourcecode.swift; path = StatusChipView.swift; sourceTree = "<group>"; };
		F9743DAF0BE9C1CF51E55BA7 /* TranscriptsView.swift */ = {isa = PBXFileReference; lastKnownFileType = sourcecode.swift; path = TranscriptsView.swift; sourceTree = "<group>"; };
		FB38CDA2EE93F624A724B0B4 /* Clio.app */ = {isa = PBXFileReference; explicitFileType = wrapper.application; includeInIndex = 0; path = Clio.app; sourceTree = BUILT_PRODUCTS_DIR; };
/* End PBXFileReference section */

/* Begin PBXFrameworksBuildPhase section */
		F53B9310441BD6031D40EDF8 /* Frameworks */ = {
			isa = PBXFrameworksBuildPhase;
			buildActionMask = 2147483647;
			files = (
				11BC44C7B6D3E3CF51DA8628 /* FluidAudio in Frameworks */,
				18BD729984ED471381F4ADB5 /* WhisperKit in Frameworks */,
				B1C2D3E4F5063333A1B2C3D4 /* MSAL in Frameworks */,
				AA001122334455667788FW01 /* MultipeerConnectivity.framework in Frameworks */,
			);
			runOnlyForDeploymentPostprocessing = 0;
		};
/* End PBXFrameworksBuildPhase section */

/* Begin PBXGroup section */
		0683C1C53033012500152BB0 /* Recovered References */ = {
			isa = PBXGroup;
			children = (
				AA001122334455667788FW02 /* MultipeerConnectivity.framework */,
			);
			name = "Recovered References";
			sourceTree = "<group>";
		};
		528AC45447AA2C0FE8E14001 /* Products */ = {
			isa = PBXGroup;
			children = (
				FB38CDA2EE93F624A724B0B4 /* Clio.app */,
			);
			name = Products;
			sourceTree = "<group>";
		};
		6572B13144A230DEC4FC8707 /* Upload */ = {
			isa = PBXGroup;
			children = (
				423E0293D3B07AF455076894 /* AvidentifiseringBekreftSection.swift */,
				F1530437CF1FEEE629B38DA7 /* ComplianceChecklistSheet.swift */,
				DCB6FAF7BB16FCB1AC66274B /* EntraConfig.swift */,
				6B3ECA14EFD8484A8AA7560C /* GraphAuthService.swift */,
				9774A4E1ABFB456BA0FAF040 /* GraphClient.swift */,
				49209C3AD2B6443FB9D10239 /* TeamsSettingsView.swift */,
				4ACF6CDE7330324D188AFDB1 /* TeamsUploadSection.swift */,
				2E0395AA5BDFD9E40B012101 /* TeamsUploadService.swift */,
				8203F83CDAEF20C8AEA6E5ED /* UploadConfirmationSheet.swift */,
				1372C3130700AA173FC44962 /* UploadGate.swift */,
			);
			path = Upload;
			sourceTree = "<group>";
		};
		6D7D78B28D5E604A4EE21EE9 /* Clio */ = {
			isa = PBXGroup;
			children = (
				B1C2D3E4F5061728394A5B6C /* AppCopy.swift */,
				54E0CED9013697E6080B4188 /* main.swift */,
				A77D27D26DC75CD2A87BF92F /* Design */,
				CDDE0C786900465483C35D28 /* Features */,
				DFE71B136C91302219B3EB92 /* Library */,
				AA11BB22CC33DD44EE55FF66 /* Models */,
				AC6B9512843B9831505D1828 /* Playback */,
				7B26724303AE47D7878EC6A2 /* Anonymization */,
				E87C68A76CA1484E955ABBA1 /* Services */,
				8A4DD4F6B8EE4BC2358F8B42 /* Startup */,
				E996C5A1B91D9FEBA4D81B56 /* Storage */,
				6572B13144A230DEC4FC8707 /* Upload */,
				AA001122334455667788MT00 /* MobileTransfer */,
				E6B41E34BFA0445690F58380 /* Utils */,
			);
			name = Clio;
			path = Sources/Clio;
			sourceTree = "<group>";
		};
		79474ABC937BFFF1FD6CB655 /* Models */ = {
			isa = PBXGroup;
			children = (
				E3A2B67087421F36783F71F2 /* CheckResult.swift */,
				D938E21935718834F5E99700 /* SystemRequirement.swift */,
			);
			path = Models;
			sourceTree = "<group>";
		};
		8A4DD4F6B8EE4BC2358F8B42 /* Startup */ = {
			isa = PBXGroup;
			children = (
				2E3B184AB414FBCEE5CB44BA /* DependencyManager.swift */,
				4B143A0F5F273E0CE14BFFDA /* SplashView.swift */,
				295DAF8A4A6CE458A450CCD6 /* SplashWindowController.swift */,
				EFCD87B06F113EFD53A5D5BC /* StartupCoordinator.swift */,
				2F0AD2FAD7EAB666D8487EAB /* SystemRequirementChecker.swift */,
				79474ABC937BFFF1FD6CB655 /* Models */,
			);
			path = Startup;
			sourceTree = "<group>";
		};
		A77D27D26DC75CD2A87BF92F /* Design */ = {
			isa = PBXGroup;
			children = (
				32541EEA8F75B332CCC2E366 /* AppFont.swift */,
				4779E4D8745EEAEF091A041F /* Color+Clio.swift */,
				2D4A2E74385EFFDBEB2D6968 /* DesignShowcaseView.swift */,
				2C7566B03272F645096D2C74 /* DesignTokens.swift */,
				5B6C68C57A3C839C981A1AD6 /* GlassStyles.swift */,
				50D32B547D2E47C24464D15D /* HoverCursor.swift */,
				16F068C655F17F8707229EB9 /* PillButton.swift */,
				C63560298DEC2D58FE5A1E9C /* README.md */,
				F1E12AE07184DED8B61EB3D8 /* StatusChipView.swift */,
				5739B25E74D7443DD696E1E6 /* Typography+Clio.swift */,
				3EEF871688C33263B5B373A1 /* WindowChrome.swift */,
			);
			path = Design;
			sourceTree = "<group>";
		};
		A96B9FFC2E253A34C4C1D4B4 /* Resources */ = {
			isa = PBXGroup;
			children = (
				B6F97FBE5D5D459CB2D1A25D /* NBBertNER.mlmodelc */,
				F260A9A4E53345BB87FC82CE /* NBBertNER-tokenizer */,
				7C56456B53AF469585F2CF75 /* WhisperKitModels */,
				89E722BD634E4B0A4570CA82 /* Assets.xcassets */,
				26CF5DC51FE22C14D9B0385B /* ssb_etternavn.txt */,
				283BC0325526BEA992ADAABB /* ssb_fornavn.txt */,
				A12E3FC502CE4A48A69A1A35 /* kartverket_steder.txt */,
				D2B9719F830A43749A975590 /* ambiguous_names.txt */,
			);
			path = Resources;
			sourceTree = "<group>";
		};
		AA001122334455667788MT00 /* MobileTransfer */ = {
			isa = PBXGroup;
			children = (
				AA001122334455667788MT01 /* BonjourConfirmationServer.swift */,
				AA001122334455667788MT03 /* MobileTransferBrowser.swift */,
				AA001122334455667788MT04 /* MobileTransferClient.swift */,
				AA001122334455667788MT05 /* MobileTransferImporter.swift */,
				AA001122334455667788MT06 /* AirDropImportWatcher.swift */,
				AA001122334455667788MT07 /* NearbyTransferAdvertiser.swift */,
			);
			path = MobileTransfer;
			sourceTree = "<group>";
		};
		AA11BB22CC33DD44EE55FF66 /* Models */ = {
			isa = PBXGroup;
			children = (
				47885F0D316AA37EB7EB6175 /* ProcessingState.swift */,
				0225402D1F5D84DB36B1ABAB /* RecordingItem.swift */,
				3CCF68B04B237C98F3509C43 /* SpeakerAlignment.swift */,
				F0B6668F23D21197B2C8CACC /* TranscriptEditorState.swift */,
				7C154C760474D9F33E4983FD /* TranscriptionModel.swift */,
				E1E04891E96C5F5E575D9178 /* TranscriptionResult.swift */,
				AA001122334455CM02 /* ClioMeta.swift */,
			);
			path = Models;
			sourceTree = "<group>";
		};
		AC6B9512843B9831505D1828 /* Playback */ = {
			isa = PBXGroup;
			children = (
				240ED3C214FA76EBE21534FB /* TranscriptPlaybackController.swift */,
			);
			path = Playback;
			sourceTree = "<group>";
		};
		BC3C1893C9818E15D48936DC = {
			isa = PBXGroup;
			children = (
				6D7D78B28D5E604A4EE21EE9 /* Clio */,
				A96B9FFC2E253A34C4C1D4B4 /* Resources */,
				528AC45447AA2C0FE8E14001 /* Products */,
				0683C1C53033012500152BB0 /* Recovered References */,
			);
			sourceTree = "<group>";
		};
		CDDE0C786900465483C35D28 /* Features */ = {
			isa = PBXGroup;
			children = (
				49529CFB20AE46E692A423EF /* AboutView.swift */,
				3879A692A181A0FB1706694B /* AnonymizationModal.swift */,
				E056E09D9198F48C6D484127 /* AudioLevelVisualization.swift */,
				877BD6E28D486BCD0D68A29C /* AuditLogViewer.swift */,
				0FC4F5E2A28A5F9F8C05CC60 /* AvidentExceptionsView.swift */,
				3F9743F93056C08906B86DD5 /* AvidentifiseringSheet.swift */,
				6BF44AF54A467E9445ED16B3 /* ExpiryWarningBanner.swift */,
				62D4480B3F604F46A591EA5A /* LibraryScreen.swift */,
				A1DFBD96E67848828C8165D3 /* MainView.swift */,
				AA001122334455667788BB01 /* MobileTransferScreen.swift */,
				109D616E44154D5B9A737794 /* NavPanel.swift */,
				4C48C2C69D3341F98A28BD4F /* RecordScreen.swift */,
				AA001122334455RV02 /* RodeSoundCheckView.swift */,
				AC07BD410307FDE5D7752E72 /* RecordingDetailView.swift */,
				98BFF0819DE6E76206F0903E /* TranscriptEditorView.swift */,
				B3E4DB16C7F2DBCBAAD577EB /* TranscriptEditorWindow.swift */,
				17BFB04179F2CE3F797E19FA /* TranscriptionSettingsView.swift */,
				F9743DAF0BE9C1CF51E55BA7 /* TranscriptsView.swift */,
			);
			path = Features;
			sourceTree = "<group>";
		};
		DFE71B136C91302219B3EB92 /* Library */ = {
			isa = PBXGroup;
			children = (
				46CD9F48562B1E4D9CAE8204 /* BibliotekView.swift */,
				AC8DF171A94AC9D0659BA3C1 /* RecordingStatusBundle.swift */,
				36001FF6B081AA7EF4D8D5E2 /* TranscriptionRunner.swift */,
			);
			path = Library;
			sourceTree = "<group>";
		};
		E6B41E34BFA0445690F58380 /* Utils */ = {
			isa = PBXGroup;
			children = (
				82449D3C48B04C91A8D69A62 /* ViewHelpers.swift */,
			);
			path = Utils;
			sourceTree = "<group>";
		};
		7B26724303AE47D7878EC6A2 /* Anonymization */ = {
			isa = PBXGroup;
			children = (
				B73B863E5AE8497CB653ECA1 /* AnonymizerModels.swift */,
				A9C7CBFCE50948C989B70199 /* TextPreprocessor.swift */,
				98768996CFC84699B44AA330 /* TextContext.swift */,
				F55B97FF900947CC8243ED6F /* RegexPatternDetector.swift */,
				295AB7FD0E104C15AC648A75 /* SSBNamesDetector.swift */,
				A5B5D4A8745B4B1AA1F19AC7 /* StederDetector.swift */,
				8DFB4211DFD94CD19955767D /* AddressLookupService.swift */,
				88963D8BA97B4A50BFCAFC7A /* AmbiguityFilter.swift */,
				16736D769CF243A7BD5F9264 /* BertWordPieceTokenizer.swift */,
				C8ABFC1CD4D44B11A7C47A87 /* BertNERDetector.swift */,
				7731BBDE69C0425A862A85C9 /* NativeAnonymizer.swift */,
			);
			path = Anonymization;
			sourceTree = "<group>";
		};
		E87C68A76CA1484E955ABBA1 /* Services */ = {
			isa = PBXGroup;
			children = (
				80B42532D49A70085D58FF1E /* AnonymizationService.swift */,
				D39B51F379804114B6FE196C /* NativeTranscriptionEngine.swift */,
				4C4A1FCFD71EDCBFBB130D76 /* AudioPlayer.swift */,
				1BAFF8EAEA679569111CBD46 /* AudioRecorder.swift */,
				35FA9D9D30BAB6A9CC6211C8 /* AuditLogger.swift */,
				6A37C20B0212318DB8A52FF4 /* FluidDiarizationService.swift */,
				9D82CA89E0B0496F8DF1AF64 /* NameDetector.swift */,
				E9EE8D5882CD2DBB99E27BB8 /* RecordingsManager.swift */,
				013A283DF2DD3D2E703D9CB3 /* RTFExporter.swift */,
				AA001122334455SS02 /* StereoSplitter.swift */,
				AA001122334455WC02 /* AudioWAVConverter.swift */,
				AA001122334455RD02 /* RodeDeviceMonitor.swift */,
				AA001122334455RS02 /* RodeSoundCheckService.swift */,
				A7D9DC657F2709B54C9B527F /* TranscriptionService.swift */,
			);
			path = Services;
			sourceTree = "<group>";
		};
		E996C5A1B91D9FEBA4D81B56 /* Storage */ = {
			isa = PBXGroup;
			children = (
				0EC7F9C0FE219DAA75AC0FD9 /* AppState.swift */,
				BEDC6AD3601EADA5387EAEC1 /* DefaultAvidentExceptions.swift */,
				8141AAF46C3D20560192B795 /* TeamsChannelRef.swift */,
				46946E8D385F3AFCB3523042 /* RecordingExpiryManager.swift */,
				D768BD447F094B7EEEF3703D /* RecordingMeta.swift */,
				7E29A4B575739DC0D20AC08F /* RecordingStore.swift */,
				3446604405B6754884CBEE54 /* StorageLayout.swift */,
			);
			path = Storage;
			sourceTree = "<group>";
		};
/* End PBXGroup section */

/* Begin PBXNativeTarget section */
		9463A50ACA7319BF58C292E5 /* Clio */ = {
			isa = PBXNativeTarget;
			buildConfigurationList = 8FA0609FE167546A547CA038 /* Build configuration list for PBXNativeTarget "Clio" */;
			buildPhases = (
				A1B2C3D4E5F60001A1B2C3D4 /* Inject Git Commit Hash */,
				BA61BE75D51E7198564D984F /* Sources */,
				D3CB5A1E36CCD9C10CA4B983 /* Resources */,
				F53B9310441BD6031D40EDF8 /* Frameworks */,
			);
			buildRules = (
			);
			dependencies = (
			);
			name = Clio;
			packageProductDependencies = (
				42FCB9B274EC3A52C96EF365 /* FluidAudio */,
				C3692886A57046468653FC1C /* WhisperKit */,
				B1C2D3E4F5062222A1B2C3D4 /* MSAL */,
			);
			productName = Clio;
			productReference = FB38CDA2EE93F624A724B0B4 /* Clio.app */;
			productType = "com.apple.product-type.application";
		};
/* End PBXNativeTarget section */

/* Begin PBXProject section */
		16DB908F10D3CBF83AA6133E /* Project object */ = {
			isa = PBXProject;
			attributes = {
				BuildIndependentTargetsInParallel = YES;
				LastUpgradeCheck = 1430;
			};
			buildConfigurationList = 491AE8B2B2F472C7F67BB758 /* Build configuration list for PBXProject "Clio" */;
			developmentRegion = en;
			hasScannedForEncodings = 0;
			knownRegions = (
				Base,
				en,
			);
			mainGroup = BC3C1893C9818E15D48936DC;
			minimizedProjectReferenceProxies = 1;
			packageReferences = (
				76C11878C6178AC7D83D115F /* XCRemoteSwiftPackageReference "FluidAudio" */,
				E938F7237B374ECFB9F546BB /* XCRemoteSwiftPackageReference "argmax-oss-swift" */,
				B1C2D3E4F5061111A1B2C3D4 /* XCRemoteSwiftPackageReference "microsoft-authentication-library-for-objc" */,
			);
			preferredProjectObjectVersion = 77;
			productRefGroup = 528AC45447AA2C0FE8E14001 /* Products */;
			projectDirPath = "";
			projectRoot = "";
			targets = (
				9463A50ACA7319BF58C292E5 /* Clio */,
			);
		};
/* End PBXProject section */

/* Begin PBXResourcesBuildPhase section */
		D3CB5A1E36CCD9C10CA4B983 /* Resources */ = {
			isa = PBXResourcesBuildPhase;
			buildActionMask = 2147483647;
			files = (
				760BAF2F1ECA924DD1791C5F /* Assets.xcassets in Resources */,
				8A08187DF0D956FADD0ADE35 /* README.md in Resources */,
				FAA03A32A2A74A399C028426 /* NBBertNER.mlmodelc in Resources */,
				489EB2575BE64D78957E2657 /* NBBertNER-tokenizer in Resources */,
				0AC73FE06EB94396AE3915EC /* WhisperKitModels in Resources */,
				5966749827B677DE2B52979B /* ssb_etternavn.txt in Resources */,
				32BC3A4A7408255CD737F67C /* ssb_fornavn.txt in Resources */,
				EB6567939F06452895745A50 /* kartverket_steder.txt in Resources */,
				2B196515E23B41E0AABB7C1F /* ambiguous_names.txt in Resources */,
			);
			runOnlyForDeploymentPostprocessing = 0;
		};
/* End PBXResourcesBuildPhase section */

/* Begin PBXShellScriptBuildPhase section */
		A1B2C3D4E5F60001A1B2C3D4 /* Inject Git Commit Hash */ = {
			isa = PBXShellScriptBuildPhase;
			buildActionMask = 2147483647;
			files = (
			);
			inputFileListPaths = (
			);
			inputPaths = (
			);
			name = "Inject Git Commit Hash";
			outputFileListPaths = (
			);
			outputPaths = (
			);
			runOnlyForDeploymentPostprocessing = 0;
			shellPath = /bin/sh;
			shellScript = "HASH=$(git -C \"$SRCROOT\" rev-parse --short HEAD 2>/dev/null || echo \"unknown\")\nPLIST=\"$BUILT_PRODUCTS_DIR/$INFOPLIST_PATH\"\n/usr/libexec/PlistBuddy -c \"Set :GitCommitHash $HASH\" \"$PLIST\" 2>/dev/null || /usr/libexec/PlistBuddy -c \"Add :GitCommitHash string $HASH\" \"$PLIST\"\nexit 0\n";
			showEnvVarsInLog = 0;
		};
/* End PBXShellScriptBuildPhase section */

/* Begin PBXSourcesBuildPhase section */
		BA61BE75D51E7198564D984F /* Sources */ = {
			isa = PBXSourcesBuildPhase;
			buildActionMask = 2147483647;
			files = (
				E5D57A02EBA89FD0FAF25996 /* AnonymizationModal.swift in Sources */,
				987374636261AACB80821CA6 /* AnonymizationService.swift in Sources */,
				DCE94912EF73423BB9FBC1DE /* AnonymizerModels.swift in Sources */,
				8452FECBA6E24BC4A45F4819 /* TextPreprocessor.swift in Sources */,
				FBB272B8ECD64AB490B2252D /* TextContext.swift in Sources */,
				3F3414CCA76E48FC9591A09F /* RegexPatternDetector.swift in Sources */,
				CAF62E697469440C87DF128E /* SSBNamesDetector.swift in Sources */,
				EF2F3F312F0E493A87A177B4 /* StederDetector.swift in Sources */,
				00AFA3830A694C5F910594CD /* AddressLookupService.swift in Sources */,
				919EF5EF740E4EF983E26F89 /* AmbiguityFilter.swift in Sources */,
				D51F2770578F4BF988D8F80E /* BertWordPieceTokenizer.swift in Sources */,
				0685B594D41F4C4F8680CAE5 /* BertNERDetector.swift in Sources */,
				9F15DB187CDD49C6A3B965D7 /* NativeAnonymizer.swift in Sources */,
				C725191F67324FD996B5DE42 /* NativeTranscriptionEngine.swift in Sources */,
				A1B2C3D4E5F60718293A4B5C /* AppCopy.swift in Sources */,
				447157CF8D22B0D41C42ECDC /* AppFont.swift in Sources */,
				28B97BA238D29468D2D1A3E1 /* AppState.swift in Sources */,
				93422B4933C289275F063EE9 /* AudioLevelVisualization.swift in Sources */,
				CD895129BFB9120C70438337 /* AudioPlayer.swift in Sources */,
				BF39F5C2BF8B1891B0E33276 /* AudioRecorder.swift in Sources */,
				D34F3B512D9324C5FF983E63 /* AuditLogViewer.swift in Sources */,
				B84359AE2D4EC06B348FCE77 /* AuditLogger.swift in Sources */,
				0C98E65F1306C3FA64458777 /* AvidentExceptionsView.swift in Sources */,
				06F0AE2EA49C43C3A64449AA /* AvidentifiseringBekreftSection.swift in Sources */,
				004567DC02F555228635569B /* AvidentifiseringSheet.swift in Sources */,
				6622EF9EA5E86C4DF08D49EB /* BibliotekView.swift in Sources */,
				793EFA7BA1875B8025685B3F /* CheckResult.swift in Sources */,
				DF78AA900A7FD93E2756A3D7 /* Color+Clio.swift in Sources */,
				30DA9D69077E9EA195E177E9 /* ComplianceChecklistSheet.swift in Sources */,
				C9C3D6EC4E0B003C42153CD8 /* DefaultAvidentExceptions.swift in Sources */,
				20FA68DA01D9B5740852A653 /* DependencyManager.swift in Sources */,
				67E82B3E39C1BBDC1977F034 /* DesignShowcaseView.swift in Sources */,
				91C1E436D90C1B19C0205B3F /* DesignTokens.swift in Sources */,
				A18DA67CEA7327CF92CA5622 /* EntraConfig.swift in Sources */,
				6D5725CECF2B4AE4B77DC192 /* GraphAuthService.swift in Sources */,
				F025B6E80A9A4CB5ABDFCB29 /* GraphClient.swift in Sources */,
				B0667C21E6E94B2BBB5A8046 /* TeamsSettingsView.swift in Sources */,
				DE0A67ED5333CC83CAE2BC0E /* ExpiryWarningBanner.swift in Sources */,
				D01C7822378787BC215D047E /* FluidDiarizationService.swift in Sources */,
				2C8D7F959CC55BDD64BBD625 /* GlassStyles.swift in Sources */,
				FEB57F434BC5E5553B980A96 /* HoverCursor.swift in Sources */,
				E354FC341495DD3C5B125FF3 /* NameDetector.swift in Sources */,
				A132A46B3FE88ABDBF95651D /* PillButton.swift in Sources */,
				683EDFCF1AA15B9AAD73F88E /* ProcessingState.swift in Sources */,
				C4EC9CDD91ECF5109DFF7033 /* TeamsChannelRef.swift in Sources */,
				016B08B47F6082716F4FE157 /* RTFExporter.swift in Sources */,
				0FD296B662B20927119CB0CC /* RecordingDetailView.swift in Sources */,
				15398FA9751B16DEC921258B /* RecordingExpiryManager.swift in Sources */,
				B94C8B054AF3D29E3631426E /* RecordingItem.swift in Sources */,
				06F95C989475654B8E23FDFC /* RecordingMeta.swift in Sources */,
				F82E835A4C1C3C0D60C80E9F /* RecordingStatusBundle.swift in Sources */,
				50E39BC7CC7A63F4FBBBC7BD /* RecordingStore.swift in Sources */,
				DBB9D5F015C91E23DDEC09F0 /* RecordingsManager.swift in Sources */,
				7F1E0E59E9EABCDCB2A42EC3 /* SpeakerAlignment.swift in Sources */,
				7290B3BC2CF642B115ECEA64 /* SplashView.swift in Sources */,
				C3628B8658F1A561F1E5D5CA /* SplashWindowController.swift in Sources */,
				D5C9F0C071A8EF0B84AF7194 /* StartupCoordinator.swift in Sources */,
				713A585B40502E8430283C53 /* StatusChipView.swift in Sources */,
				80E2D493917DE2F4ED036BC6 /* StorageLayout.swift in Sources */,
				55C22DDDCE30FCD76E71070F /* SystemRequirement.swift in Sources */,
				389A09DEE35085948F39D9ED /* SystemRequirementChecker.swift in Sources */,
				058EC16989E792B0E4BB0BEA /* TeamsUploadSection.swift in Sources */,
				BAA0A72D0DA18702BC074BFF /* TeamsUploadService.swift in Sources */,
				5327B917920C9F08CF05309D /* TranscriptEditorState.swift in Sources */,
				AFF20FBBED65035A49A65FA5 /* TranscriptEditorView.swift in Sources */,
				93BB38BF5E431D9C5E512A66 /* TranscriptEditorWindow.swift in Sources */,
				65F51659423C9E55705D1265 /* TranscriptPlaybackController.swift in Sources */,
				DFE7330EBE548A47E70C6DF0 /* TranscriptionModel.swift in Sources */,
				1BC619DAFC4AEA3D636B419D /* TranscriptionResult.swift in Sources */,
				AA001122334455CM01 /* ClioMeta.swift in Sources */,
				AA001122334455SS01 /* StereoSplitter.swift in Sources */,
				AA001122334455WC01 /* AudioWAVConverter.swift in Sources */,
				AA001122334455RD01 /* RodeDeviceMonitor.swift in Sources */,
				AA001122334455RS01 /* RodeSoundCheckService.swift in Sources */,
				AA001122334455RV01 /* RodeSoundCheckView.swift in Sources */,
				155861C74CBFD44B56ACE200 /* TranscriptionRunner.swift in Sources */,
				BD37FDC476964258943BD4FD /* TranscriptionService.swift in Sources */,
				1772013B1BD6FC53BBE6E2FE /* TranscriptionSettingsView.swift in Sources */,
				EE3A96A9E80EE75FBF022546 /* TranscriptsView.swift in Sources */,
				6AAC3CFAA3DD2CDA7C03EF9D /* Typography+Clio.swift in Sources */,
				5785CAE4A17277F39970D590 /* UploadConfirmationSheet.swift in Sources */,
				2ECC760B85D38A79EBBBEE75 /* UploadGate.swift in Sources */,
				6426B2926066C6E9E9BC02AF /* WindowChrome.swift in Sources */,
				B68312AE2CD9340004EE100F /* main.swift in Sources */,
				241D48A3BA8B4DDE80979659 /* RecordScreen.swift in Sources */,
				4BAF9A7FA2264F40BF48DC38 /* LibraryScreen.swift in Sources */,
				F1F3AE0C6954429DAAAA61D1 /* NavPanel.swift in Sources */,
				6F49A16937F14727B33804F7 /* AboutView.swift in Sources */,
				F609B88F661C44388819B99C /* MainView.swift in Sources */,
				AA001122334455667788BF01 /* MobileTransferScreen.swift in Sources */,
				AA001122334455667788BF11 /* BonjourConfirmationServer.swift in Sources */,
				AA001122334455667788BF13 /* MobileTransferBrowser.swift in Sources */,
				AA001122334455667788BF14 /* MobileTransferClient.swift in Sources */,
				AA001122334455667788BF15 /* MobileTransferImporter.swift in Sources */,
				AA001122334455667788BF16 /* AirDropImportWatcher.swift in Sources */,
				AA001122334455667788BF17 /* NearbyTransferAdvertiser.swift in Sources */,
				0A345FB6BCF443A098E80401 /* ViewHelpers.swift in Sources */,
			);
			runOnlyForDeploymentPostprocessing = 0;
		};
/* End PBXSourcesBuildPhase section */

/* Begin PBXShellScriptBuildPhase section */
		A1B2C3D4E5F60001A1B2C3D4 /* Inject Git Commit Hash */ = {
			isa = PBXShellScriptBuildPhase;
			buildActionMask = 2147483647;
			files = (
			);
			inputFileListPaths = (
			);
			inputPaths = (
			);
			name = "Inject Git Commit Hash";
			outputFileListPaths = (
			);
			outputPaths = (
			);
			runOnlyForDeploymentPostprocessing = 0;
			shellPath = /bin/sh;
			shellScript = "HASH=$(git -C \"$SRCROOT\" rev-parse --short HEAD 2>/dev/null || echo \"unknown\")\nBRANCH=$(git -C \"$SRCROOT\" rev-parse --abbrev-ref HEAD 2>/dev/null || echo \"unknown\")\nPLIST=\"$BUILT_PRODUCTS_DIR/$INFOPLIST_PATH\"\nINFO=\"$TARGET_BUILD_DIR/$UNLOCALIZED_RESOURCES_FOLDER_PATH/clio-build-info.txt\"\n/usr/libexec/PlistBuddy -c \"Set :GitCommitHash $HASH\" \"$PLIST\" 2>/dev/null || /usr/libexec/PlistBuddy -c \"Add :GitCommitHash string $HASH\" \"$PLIST\"\n/usr/libexec/PlistBuddy -c \"Set :GitBranch $BRANCH\" \"$PLIST\" 2>/dev/null || /usr/libexec/PlistBuddy -c \"Add :GitBranch string $BRANCH\" \"$PLIST\"\nprintf 'branch=%s\\nhash=%s\\n' \"$BRANCH\" \"$HASH\" > \"$INFO\"\nexit 0\n";
			showEnvVarsInLog = 0;
		};
/* End PBXShellScriptBuildPhase section */

/* Begin XCBuildConfiguration section */
		0FE4B4B673EBBF2AD94ACF78 /* Debug */ = {
			isa = XCBuildConfiguration;
			buildSettings = {
				ALWAYS_SEARCH_USER_PATHS = NO;
				ARCHS = arm64;
				"EXCLUDED_ARCHS[sdk=macosx*]" = x86_64;
				CLANG_ANALYZER_NONNULL = YES;
				CLANG_ANALYZER_NUMBER_OBJECT_CONVERSION = YES_AGGRESSIVE;
				CLANG_CXX_LANGUAGE_STANDARD = "gnu++14";
				CLANG_CXX_LIBRARY = "libc++";
				CLANG_ENABLE_MODULES = YES;
				CLANG_ENABLE_OBJC_ARC = YES;
				CLANG_ENABLE_OBJC_WEAK = YES;
				CLANG_WARN_BLOCK_CAPTURE_AUTORELEASING = YES;
				CLANG_WARN_BOOL_CONVERSION = YES;
				CLANG_WARN_COMMA = YES;
				CLANG_WARN_CONSTANT_CONVERSION = YES;
				CLANG_WARN_DEPRECATED_OBJC_IMPLEMENTATIONS = YES;
				CLANG_WARN_DIRECT_OBJC_ISA_USAGE = YES_ERROR;
				CLANG_WARN_DOCUMENTATION_COMMENTS = YES;
				CLANG_WARN_EMPTY_BODY = YES;
				CLANG_WARN_ENUM_CONVERSION = YES;
				CLANG_WARN_INFINITE_RECURSION = YES;
				CLANG_WARN_INT_CONVERSION = YES;
				CLANG_WARN_NON_LITERAL_NULL_CONVERSION = YES;
				CLANG_WARN_OBJC_IMPLICIT_RETAIN_SELF = YES;
				CLANG_WARN_OBJC_LITERAL_CONVERSION = YES;
				CLANG_WARN_OBJC_ROOT_CLASS = YES_ERROR;
				CLANG_WARN_QUOTED_INCLUDE_IN_FRAMEWORK_HEADER = YES;
				CLANG_WARN_RANGE_LOOP_ANALYSIS = YES;
				CLANG_WARN_STRICT_PROTOTYPES = YES;
				CLANG_WARN_SUSPICIOUS_MOVE = YES;
				CLANG_WARN_UNGUARDED_AVAILABILITY = YES_AGGRESSIVE;
				CLANG_WARN_UNREACHABLE_CODE = YES;
				CLANG_WARN__DUPLICATE_METHOD_MATCH = YES;
				COPY_PHASE_STRIP = NO;
				CURRENT_PROJECT_VERSION = 1;
				DEBUG_INFORMATION_FORMAT = dwarf;
				ENABLE_STRICT_OBJC_MSGSEND = YES;
				ENABLE_TESTABILITY = YES;
				GCC_C_LANGUAGE_STANDARD = gnu11;
				GCC_DYNAMIC_NO_PIC = NO;
				GCC_NO_COMMON_BLOCKS = YES;
				GCC_OPTIMIZATION_LEVEL = 0;
				GCC_PREPROCESSOR_DEFINITIONS = (
					"$(inherited)",
					"DEBUG=1",
				);
				GCC_WARN_64_TO_32_BIT_CONVERSION = YES;
				GCC_WARN_ABOUT_RETURN_TYPE = YES_ERROR;
				GCC_WARN_UNDECLARED_SELECTOR = YES;
				GCC_WARN_UNINITIALIZED_AUTOS = YES_AGGRESSIVE;
				GCC_WARN_UNUSED_FUNCTION = YES;
				GCC_WARN_UNUSED_VARIABLE = YES;
				MACOSX_DEPLOYMENT_TARGET = 14.0;
				MARKETING_VERSION = 1.0.0;
				MTL_ENABLE_DEBUG_INFO = INCLUDE_SOURCE;
				MTL_FAST_MATH = YES;
				ONLY_ACTIVE_ARCH = YES;
				PRODUCT_NAME = "$(TARGET_NAME)";
				SDKROOT = macosx;
				SWIFT_ACTIVE_COMPILATION_CONDITIONS = DEBUG;
				SWIFT_OPTIMIZATION_LEVEL = "-Onone";
				SWIFT_VERSION = 5.9;
			};
			name = Debug;
		};
		16208EDC7ECB71FC405EA89B /* Release */ = {
			isa = XCBuildConfiguration;
			buildSettings = {
				ALWAYS_SEARCH_USER_PATHS = NO;
				ARCHS = arm64;
				"EXCLUDED_ARCHS[sdk=macosx*]" = x86_64;
				CLANG_ANALYZER_NONNULL = YES;
				CLANG_ANALYZER_NUMBER_OBJECT_CONVERSION = YES_AGGRESSIVE;
				CLANG_CXX_LANGUAGE_STANDARD = "gnu++14";
				CLANG_CXX_LIBRARY = "libc++";
				CLANG_ENABLE_MODULES = YES;
				CLANG_ENABLE_OBJC_ARC = YES;
				CLANG_ENABLE_OBJC_WEAK = YES;
				CLANG_WARN_BLOCK_CAPTURE_AUTORELEASING = YES;
				CLANG_WARN_BOOL_CONVERSION = YES;
				CLANG_WARN_COMMA = YES;
				CLANG_WARN_CONSTANT_CONVERSION = YES;
				CLANG_WARN_DEPRECATED_OBJC_IMPLEMENTATIONS = YES;
				CLANG_WARN_DIRECT_OBJC_ISA_USAGE = YES_ERROR;
				CLANG_WARN_DOCUMENTATION_COMMENTS = YES;
				CLANG_WARN_EMPTY_BODY = YES;
				CLANG_WARN_ENUM_CONVERSION = YES;
				CLANG_WARN_INFINITE_RECURSION = YES;
				CLANG_WARN_INT_CONVERSION = YES;
				CLANG_WARN_NON_LITERAL_NULL_CONVERSION = YES;
				CLANG_WARN_OBJC_IMPLICIT_RETAIN_SELF = YES;
				CLANG_WARN_OBJC_LITERAL_CONVERSION = YES;
				CLANG_WARN_OBJC_ROOT_CLASS = YES_ERROR;
				CLANG_WARN_QUOTED_INCLUDE_IN_FRAMEWORK_HEADER = YES;
				CLANG_WARN_RANGE_LOOP_ANALYSIS = YES;
				CLANG_WARN_STRICT_PROTOTYPES = YES;
				CLANG_WARN_SUSPICIOUS_MOVE = YES;
				CLANG_WARN_UNGUARDED_AVAILABILITY = YES_AGGRESSIVE;
				CLANG_WARN_UNREACHABLE_CODE = YES;
				CLANG_WARN__DUPLICATE_METHOD_MATCH = YES;
				COPY_PHASE_STRIP = NO;
				CURRENT_PROJECT_VERSION = 1;
				DEBUG_INFORMATION_FORMAT = "dwarf-with-dsym";
				ENABLE_NS_ASSERTIONS = NO;
				ENABLE_STRICT_OBJC_MSGSEND = YES;
				GCC_C_LANGUAGE_STANDARD = gnu11;
				GCC_NO_COMMON_BLOCKS = YES;
				GCC_WARN_64_TO_32_BIT_CONVERSION = YES;
				GCC_WARN_ABOUT_RETURN_TYPE = YES_ERROR;
				GCC_WARN_UNDECLARED_SELECTOR = YES;
				GCC_WARN_UNINITIALIZED_AUTOS = YES_AGGRESSIVE;
				GCC_WARN_UNUSED_FUNCTION = YES;
				GCC_WARN_UNUSED_VARIABLE = YES;
				MACOSX_DEPLOYMENT_TARGET = 14.0;
				MARKETING_VERSION = 1.0.0;
				MTL_ENABLE_DEBUG_INFO = NO;
				MTL_FAST_MATH = YES;
				PRODUCT_NAME = "$(TARGET_NAME)";
				SDKROOT = macosx;
				SWIFT_COMPILATION_MODE = wholemodule;
				SWIFT_OPTIMIZATION_LEVEL = "-O";
				SWIFT_VERSION = 5.9;
			};
			name = Release;
		};
		653D072F15C3B0641A72C71F /* Debug */ = {
			isa = XCBuildConfiguration;
			buildSettings = {
				ARCHS = arm64;
				"EXCLUDED_ARCHS[sdk=macosx*]" = x86_64;
				ASSETCATALOG_COMPILER_APPICON_NAME = AppIcon;
				ASSETCATALOG_COMPILER_INCLUDE_ALL_APPICON_ASSETS = YES;
				CODE_SIGN_IDENTITY = "Apple Development";
				"CODE_SIGN_IDENTITY[sdk=macosx*]" = "Apple Development";
				CODE_SIGN_STYLE = Automatic;
				COMBINE_HIDPI_IMAGES = YES;
				DEVELOPMENT_TEAM = GC9RAU27PY;
				ENABLE_APP_SANDBOX = YES;
				ENABLE_INCOMING_NETWORK_CONNECTIONS = NO;
				ENABLE_OUTGOING_NETWORK_CONNECTIONS = YES;
				ENABLE_RESOURCE_ACCESS_AUDIO_INPUT = YES;
				ENABLE_RESOURCE_ACCESS_BLUETOOTH = YES;
				ENABLE_RESOURCE_ACCESS_CALENDARS = NO;
				ENABLE_RESOURCE_ACCESS_CAMERA = NO;
				ENABLE_RESOURCE_ACCESS_CONTACTS = NO;
				ENABLE_RESOURCE_ACCESS_LOCATION = NO;
				ENABLE_RESOURCE_ACCESS_PRINTING = NO;
				ENABLE_RESOURCE_ACCESS_USB = NO;
				EXECUTABLE_NAME = Clio;
				INFOPLIST_FILE = Info.plist;
				INFOPLIST_KEY_CFBundleDisplayName = "Clio Transcribe";
				INFOPLIST_KEY_LSApplicationCategoryType = "public.app-category.utilities";
				LD_RUNPATH_SEARCH_PATHS = (
					"$(inherited)",
					"@executable_path/../Frameworks",
				);
				MARKETING_VERSION = 1.5.0;
				PRODUCT_BUNDLE_IDENTIFIER = no.nav.cliotranscribe;
				PRODUCT_NAME = Clio;
				PROVISIONING_PROFILE_SPECIFIER = "";
				SDKROOT = macosx;
			};
			name = Debug;
		};
		EE5F16A0B7112D21CDC84727 /* Release */ = {
			isa = XCBuildConfiguration;
			buildSettings = {
				ARCHS = arm64;
				"EXCLUDED_ARCHS[sdk=macosx*]" = x86_64;
				ASSETCATALOG_COMPILER_APPICON_NAME = AppIcon;
				ASSETCATALOG_COMPILER_INCLUDE_ALL_APPICON_ASSETS = YES;
				CODE_SIGN_IDENTITY = "Apple Development";
				"CODE_SIGN_IDENTITY[sdk=macosx*]" = "Apple Development";
				CODE_SIGN_STYLE = Automatic;
				COMBINE_HIDPI_IMAGES = YES;
				DEVELOPMENT_TEAM = GC9RAU27PY;
				ENABLE_APP_SANDBOX = YES;
				ENABLE_INCOMING_NETWORK_CONNECTIONS = NO;
				ENABLE_OUTGOING_NETWORK_CONNECTIONS = YES;
				ENABLE_RESOURCE_ACCESS_AUDIO_INPUT = YES;
				ENABLE_RESOURCE_ACCESS_BLUETOOTH = YES;
				ENABLE_RESOURCE_ACCESS_CALENDARS = NO;
				ENABLE_RESOURCE_ACCESS_CAMERA = NO;
				ENABLE_RESOURCE_ACCESS_CONTACTS = NO;
				ENABLE_RESOURCE_ACCESS_LOCATION = NO;
				ENABLE_RESOURCE_ACCESS_PRINTING = NO;
				ENABLE_RESOURCE_ACCESS_USB = NO;
				EXECUTABLE_NAME = Clio;
				INFOPLIST_FILE = Info.plist;
				INFOPLIST_KEY_CFBundleDisplayName = "Clio Transcribe";
				INFOPLIST_KEY_LSApplicationCategoryType = "public.app-category.utilities";
				LD_RUNPATH_SEARCH_PATHS = (
					"$(inherited)",
					"@executable_path/../Frameworks",
				);
				MARKETING_VERSION = 1.5.0;
				PRODUCT_BUNDLE_IDENTIFIER = no.nav.cliotranscribe;
				PRODUCT_NAME = Clio;
				PROVISIONING_PROFILE_SPECIFIER = "";
				SDKROOT = macosx;
			};
			name = Release;
		};
/* End XCBuildConfiguration section */

/* Begin XCConfigurationList section */
		491AE8B2B2F472C7F67BB758 /* Build configuration list for PBXProject "Clio" */ = {
			isa = XCConfigurationList;
			buildConfigurations = (
				0FE4B4B673EBBF2AD94ACF78 /* Debug */,
				16208EDC7ECB71FC405EA89B /* Release */,
			);
			defaultConfigurationIsVisible = 0;
			defaultConfigurationName = Debug;
		};
		8FA0609FE167546A547CA038 /* Build configuration list for PBXNativeTarget "Clio" */ = {
			isa = XCConfigurationList;
			buildConfigurations = (
				653D072F15C3B0641A72C71F /* Debug */,
				EE5F16A0B7112D21CDC84727 /* Release */,
			);
			defaultConfigurationIsVisible = 0;
			defaultConfigurationName = Debug;
		};
/* End XCConfigurationList section */

/* Begin XCRemoteSwiftPackageReference section */
		76C11878C6178AC7D83D115F /* XCRemoteSwiftPackageReference "FluidAudio" */ = {
			isa = XCRemoteSwiftPackageReference;
			repositoryURL = "https://github.com/FluidInference/FluidAudio.git";
			requirement = {
				kind = upToNextMajorVersion;
				minimumVersion = 0.12.4;
			};
		};
		E938F7237B374ECFB9F546BB /* XCRemoteSwiftPackageReference "argmax-oss-swift" */ = {
			isa = XCRemoteSwiftPackageReference;
			repositoryURL = "https://github.com/argmaxinc/argmax-oss-swift.git";
			requirement = {
				kind = upToNextMajorVersion;
				minimumVersion = 0.9.0;
			};
		};
		B1C2D3E4F5061111A1B2C3D4 /* XCRemoteSwiftPackageReference "microsoft-authentication-library-for-objc" */ = {
			isa = XCRemoteSwiftPackageReference;
			repositoryURL = "https://github.com/AzureAD/microsoft-authentication-library-for-objc.git";
			requirement = {
				kind = upToNextMajorVersion;
				minimumVersion = 2.15.0;
			};
		};
/* End XCRemoteSwiftPackageReference section */

/* Begin XCSwiftPackageProductDependency section */
		42FCB9B274EC3A52C96EF365 /* FluidAudio */ = {
			isa = XCSwiftPackageProductDependency;
			package = 76C11878C6178AC7D83D115F /* XCRemoteSwiftPackageReference "FluidAudio" */;
			productName = FluidAudio;
		};
		C3692886A57046468653FC1C /* WhisperKit */ = {
			isa = XCSwiftPackageProductDependency;
			package = E938F7237B374ECFB9F546BB /* XCRemoteSwiftPackageReference "argmax-oss-swift" */;
			productName = WhisperKit;
		};
		B1C2D3E4F5062222A1B2C3D4 /* MSAL */ = {
			isa = XCSwiftPackageProductDependency;
			package = B1C2D3E4F5061111A1B2C3D4 /* XCRemoteSwiftPackageReference "microsoft-authentication-library-for-objc" */;
			productName = MSAL;
		};
/* End XCSwiftPackageProductDependency section */
	};
	rootObject = 16DB908F10D3CBF83AA6133E /* Project object */;
}
